// !$*UTF8*$!
{
	archiveVersion = 1;
	classes = {
	};
	objectVersion = 46;
	objects = {

/* Begin PBXBuildFile section */
		5D035D2420E489EB004C77E4 /* OCSaveManager.m in Sources */ = {isa = PBXBuildFile; fileRef = 5D035D2320E489EB004C77E4 /* OCSaveManager.m */; };
		5D035D2720E4BE0A004C77E4 /* OCBaseManager.m in Sources */ = {isa = PBXBuildFile; fileRef = 5D035D2620E4BE0A004C77E4 /* OCBaseManager.m */; };
		5D149336210DAE2F0070B1B8 /* NSObject+Additions.m in Sources */ = {isa = PBXBuildFile; fileRef = 5D149335210DAE2F0070B1B8 /* NSObject+Additions.m */; };
		5D14933A210DB43E0070B1B8 /* ReadMeNSObjcet.m in Sources */ = {isa = PBXBuildFile; fileRef = 5D149339210DB43E0070B1B8 /* ReadMeNSObjcet.m */; };
		5D24F204215DD0380015A6BC /* OCLearningOOP.m in Sources */ = {isa = PBXBuildFile; fileRef = 5D24F200215DD0380015A6BC /* OCLearningOOP.m */; };
		5D24F205215DD0380015A6BC /* OCLearningOOP+GetPrivate.m in Sources */ = {isa = PBXBuildFile; fileRef = 5D24F202215DD0380015A6BC /* OCLearningOOP+GetPrivate.m */; };
		5D24F208215DD0440015A6BC /* NSObject+PrivateMethod.m in Sources */ = {isa = PBXBuildFile; fileRef = 5D24F206215DD0440015A6BC /* NSObject+PrivateMethod.m */; };
		5D374E3420E39AE4002C89AE /* OCSaveDataTableViewController.m in Sources */ = {isa = PBXBuildFile; fileRef = 5D374E3320E39AE4002C89AE /* OCSaveDataTableViewController.m */; };
		5D374E3720E39D4F002C89AE /* OCFuntionStyleViewController.m in Sources */ = {isa = PBXBuildFile; fileRef = 5D374E3620E39D4F002C89AE /* OCFuntionStyleViewController.m */; };
		5D45A24F1F1769D500D60780 /* Assets.xcassets in Resources */ = {isa = PBXBuildFile; fileRef = 5D45A24E1F1769D500D60780 /* Assets.xcassets */; };
		5D45A2521F1769FD00D60780 /* BClass.m in Sources */ = {isa = PBXBuildFile; fileRef = 5D45A2511F1769FD00D60780 /* BClass.m */; };
		5D45A2551F176A6400D60780 /* Person.m in Sources */ = {isa = PBXBuildFile; fileRef = 5D45A2541F176A6400D60780 /* Person.m */; };
		5D45A2571F176C4000D60780 /* AClass.m in Sources */ = {isa = PBXBuildFile; fileRef = 5DAABF9D1F135DEF0089460B /* AClass.m */; };
		5D45A25A1F17724600D60780 /* Person+ForwardMessage.m in Sources */ = {isa = PBXBuildFile; fileRef = 5D45A2591F17724600D60780 /* Person+ForwardMessage.m */; };
		5D45A25D1F1776F600D60780 /* Bird.m in Sources */ = {isa = PBXBuildFile; fileRef = 5D45A25C1F1776F600D60780 /* Bird.m */; };
		5D45A2611F177CF600D60780 /* Animal.m in Sources */ = {isa = PBXBuildFile; fileRef = 5D45A2601F177CF600D60780 /* Animal.m */; };
		5D45A2651F17828A00D60780 /* UserModel.m in Sources */ = {isa = PBXBuildFile; fileRef = 5D45A2641F17828A00D60780 /* UserModel.m */; };
		5D45A2681F1782D200D60780 /* NSObject+MakeModel.m in Sources */ = {isa = PBXBuildFile; fileRef = 5D45A2671F1782D200D60780 /* NSObject+MakeModel.m */; };
		5D4B920A1F28A487004A242C /* LearnCategory.m in Sources */ = {isa = PBXBuildFile; fileRef = 5D4B92091F28A487004A242C /* LearnCategory.m */; };
		5D4B920D1F28A4AB004A242C /* LearnCategory+Addtion1.m in Sources */ = {isa = PBXBuildFile; fileRef = 5D4B920C1F28A4AB004A242C /* LearnCategory+Addtion1.m */; };
		5D4B92101F28A4B6004A242C /* LearnCategory+Addtion2.m in Sources */ = {isa = PBXBuildFile; fileRef = 5D4B920F1F28A4B6004A242C /* LearnCategory+Addtion2.m */; };
		5D5F4E801F0F6786000DE712 /* main.m in Sources */ = {isa = PBXBuildFile; fileRef = 5D5F4E7F1F0F6786000DE712 /* main.m */; };
		5D5F4E831F0F6786000DE712 /* AppDelegate.m in Sources */ = {isa = PBXBuildFile; fileRef = 5D5F4E821F0F6786000DE712 /* AppDelegate.m */; };
		5D5F4E861F0F6786000DE712 /* ViewController.m in Sources */ = {isa = PBXBuildFile; fileRef = 5D5F4E851F0F6786000DE712 /* ViewController.m */; };
		5D5F4E891F0F6786000DE712 /* Main.storyboard in Resources */ = {isa = PBXBuildFile; fileRef = 5D5F4E871F0F6786000DE712 /* Main.storyboard */; };
		5D5F4E8E1F0F6786000DE712 /* LaunchScreen.storyboard in Resources */ = {isa = PBXBuildFile; fileRef = 5D5F4E8C1F0F6786000DE712 /* LaunchScreen.storyboard */; };
		5D5F4E991F0F6786000DE712 /* OCDeepLearningTests.m in Sources */ = {isa = PBXBuildFile; fileRef = 5D5F4E981F0F6786000DE712 /* OCDeepLearningTests.m */; };
		5D5F4EA41F0F6786000DE712 /* OCDeepLearningUITests.m in Sources */ = {isa = PBXBuildFile; fileRef = 5D5F4EA31F0F6786000DE712 /* OCDeepLearningUITests.m */; };
		5D5F4EB31F0F67BF000DE712 /* OCAutoReleasePool.m in Sources */ = {isa = PBXBuildFile; fileRef = 5D5F4EB21F0F67BF000DE712 /* OCAutoReleasePool.m */; };
		5D5F4EB61F0F7215000DE712 /* NSObject+Runtime.m in Sources */ = {isa = PBXBuildFile; fileRef = 5D5F4EB51F0F7215000DE712 /* NSObject+Runtime.m */; };
		5D60C5B7212B023100AB9BFD /* LearnSelfAndSuper.m in Sources */ = {isa = PBXBuildFile; fileRef = 5D60C5B6212B023100AB9BFD /* LearnSelfAndSuper.m */; };
		5D6588CF212ADCBB0092BD78 /* LearnWebViewController.m in Sources */ = {isa = PBXBuildFile; fileRef = 5D6588CE212ADCBB0092BD78 /* LearnWebViewController.m */; };
		5D6588D2212ADCF70092BD78 /* LearnWKWebView.m in Sources */ = {isa = PBXBuildFile; fileRef = 5D6588D1212ADCF70092BD78 /* LearnWKWebView.m */; };
		5D6588D5212ADD160092BD78 /* LearnUIWebView.m in Sources */ = {isa = PBXBuildFile; fileRef = 5D6588D4212ADD160092BD78 /* LearnUIWebView.m */; };
		5D71C43620C6689800EDD506 /* AppDelegate+Addtions.m in Sources */ = {isa = PBXBuildFile; fileRef = 5D71C43520C6689800EDD506 /* AppDelegate+Addtions.m */; };
		5D71C43920C66BDD00EDD506 /* TestViewController.m in Sources */ = {isa = PBXBuildFile; fileRef = 5D71C43820C66BDD00EDD506 /* TestViewController.m */; };
		5D77E5741F14D9EE005A8459 /* GCDLearning.m in Sources */ = {isa = PBXBuildFile; fileRef = 5D77E5731F14D9EE005A8459 /* GCDLearning.m */; };
		5D8690471F18C3D800C269C8 /* OC_SEL.m in Sources */ = {isa = PBXBuildFile; fileRef = 5D8690461F18C3D800C269C8 /* OC_SEL.m */; };
		5D86904B1F18D6BB00C269C8 /* OC_IMP.m in Sources */ = {isa = PBXBuildFile; fileRef = 5D86904A1F18D6BB00C269C8 /* OC_IMP.m */; };
		5D86904E1F18D6C600C269C8 /* OC_Method.m in Sources */ = {isa = PBXBuildFile; fileRef = 5D86904D1F18D6C600C269C8 /* OC_Method.m */; };
		5D899E7220D3AEB100552152 /* OCBaseTableViewController.m in Sources */ = {isa = PBXBuildFile; fileRef = 5D899E7120D3AEB100552152 /* OCBaseTableViewController.m */; };
		5D899E7520D3AEC000552152 /* OCBaseTableViewCell.m in Sources */ = {isa = PBXBuildFile; fileRef = 5D899E7420D3AEC000552152 /* OCBaseTableViewCell.m */; };
		5D899E7820D3B12300552152 /* OCBaseTableViewCell+ConfigModel.m in Sources */ = {isa = PBXBuildFile; fileRef = 5D899E7720D3B12300552152 /* OCBaseTableViewCell+ConfigModel.m */; };
		5D899E7B20D3B1B900552152 /* OCBaseCellModel.m in Sources */ = {isa = PBXBuildFile; fileRef = 5D899E7A20D3B1B900552152 /* OCBaseCellModel.m */; };
		5D899E7F20D3B4F600552152 /* MainViewController.m in Sources */ = {isa = PBXBuildFile; fileRef = 5D899E7E20D3B4F600552152 /* MainViewController.m */; };
		5D9393BA20DBB13000A61440 /* StudentDataManager.m in Sources */ = {isa = PBXBuildFile; fileRef = 5D9393B920DBB13000A61440 /* StudentDataManager.m */; };
		5DB7EF8420DCCEA00030A648 /* OCDeepLearning.xcdatamodeld in Sources */ = {isa = PBXBuildFile; fileRef = 5DB7EF8220DCCEA00030A648 /* OCDeepLearning.xcdatamodeld */; };
		5DB7EFAF20E23C7C0030A648 /* BaseViewController.m in Sources */ = {isa = PBXBuildFile; fileRef = 5DB7EFAE20E23C7C0030A648 /* BaseViewController.m */; };
		5DB7EFB220E23C940030A648 /* ThirdViewController.m in Sources */ = {isa = PBXBuildFile; fileRef = 5DB7EFB120E23C940030A648 /* ThirdViewController.m */; };
		5DB7EFB520E240F40030A648 /* SecondTestViewController.m in Sources */ = {isa = PBXBuildFile; fileRef = 5DB7EFB420E240F40030A648 /* SecondTestViewController.m */; };
		5DB7EFBD20E244910030A648 /* CTMediator.m in Sources */ = {isa = PBXBuildFile; fileRef = 5DB7EFBB20E244900030A648 /* CTMediator.m */; };
		5DBC6E0D1F26EB2F00E35AB3 /* NSObject+Extension.m in Sources */ = {isa = PBXBuildFile; fileRef = 5DBC6E0C1F26EB2F00E35AB3 /* NSObject+Extension.m */; };
		5DC2A35120B3EEF300565281 /* OCDLView.m in Sources */ = {isa = PBXBuildFile; fileRef = 5DC2A35020B3EEF300565281 /* OCDLView.m */; };
		5DC2A35420B3EF1500565281 /* OCDLLayer.m in Sources */ = {isa = PBXBuildFile; fileRef = 5DC2A35320B3EF1500565281 /* OCDLLayer.m */; };
		5DD027891F25AA19005438B9 /* OCAutorelease.m in Sources */ = {isa = PBXBuildFile; fileRef = 5DD027881F25AA19005438B9 /* OCAutorelease.m */; };
		5DE398E321368E64003F50FF /* OCDataSourceManager.m in Sources */ = {isa = PBXBuildFile; fileRef = 5DE398E221368E64003F50FF /* OCDataSourceManager.m */; };
		5DEA105421229FE3003869F1 /* BlockLearning.m in Sources */ = {isa = PBXBuildFile; fileRef = 5DEA105321229FE3003869F1 /* BlockLearning.m */; };
		5DEA105D2125763C003869F1 /* LearnInitializeBaseClass.m in Sources */ = {isa = PBXBuildFile; fileRef = 5DEA105C2125763C003869F1 /* LearnInitializeBaseClass.m */; };
		5DEA106021257664003869F1 /* LearnInitializeChildClass.m in Sources */ = {isa = PBXBuildFile; fileRef = 5DEA105F21257664003869F1 /* LearnInitializeChildClass.m */; };
		5DEA106621257DA0003869F1 /* LearnInitializeFatherClass.m in Sources */ = {isa = PBXBuildFile; fileRef = 5DEA106521257DA0003869F1 /* LearnInitializeFatherClass.m */; };
		5DEA106A2126A11C003869F1 /* LearnDatasourceClass.m in Sources */ = {isa = PBXBuildFile; fileRef = 5DEA10692126A11C003869F1 /* LearnDatasourceClass.m */; };
		5DF622D01F161E5200D74036 /* ViewController+SwizzlingMethod.m in Sources */ = {isa = PBXBuildFile; fileRef = 5DF622CF1F161E5200D74036 /* ViewController+SwizzlingMethod.m */; };
		5DF622D41F1620DD00D74036 /* NSObject+GBRuntimeLog.m in Sources */ = {isa = PBXBuildFile; fileRef = 5DF622D31F1620DD00D74036 /* NSObject+GBRuntimeLog.m */; };
		5DF90FE71F1C5AF100B809C5 /* OC_AClass.m in Sources */ = {isa = PBXBuildFile; fileRef = 5DF90FE61F1C5AF100B809C5 /* OC_AClass.m */; };
/* End PBXBuildFile section */

/* Begin PBXContainerItemProxy section */
		5D5F4E951F0F6786000DE712 /* PBXContainerItemProxy */ = {
			isa = PBXContainerItemProxy;
			containerPortal = 5D5F4E731F0F6786000DE712 /* Project object */;
			proxyType = 1;
			remoteGlobalIDString = 5D5F4E7A1F0F6786000DE712;
			remoteInfo = OCDeepLearning;
		};
		5D5F4EA01F0F6786000DE712 /* PBXContainerItemProxy */ = {
			isa = PBXContainerItemProxy;
			containerPortal = 5D5F4E731F0F6786000DE712 /* Project object */;
			proxyType = 1;
			remoteGlobalIDString = 5D5F4E7A1F0F6786000DE712;
			remoteInfo = OCDeepLearning;
		};
/* End PBXContainerItemProxy section */

/* Begin PBXCopyFilesBuildPhase section */
		5D56F8351F94696200250279 /* CopyFiles */ = {
			isa = PBXCopyFilesBuildPhase;
			buildActionMask = 2147483647;
			dstPath = "";
			dstSubfolderSpec = 10;
			files = (
			);
			runOnlyForDeploymentPostprocessing = 0;
		};
/* End PBXCopyFilesBuildPhase section */

/* Begin PBXFileReference section */
		5D035D2220E489EB004C77E4 /* OCSaveManager.h */ = {isa = PBXFileReference; lastKnownFileType = sourcecode.c.h; path = OCSaveManager.h; sourceTree = "<group>"; };
		5D035D2320E489EB004C77E4 /* OCSaveManager.m */ = {isa = PBXFileReference; lastKnownFileType = sourcecode.c.objc; path = OCSaveManager.m; sourceTree = "<group>"; };
		5D035D2520E4BE0A004C77E4 /* OCBaseManager.h */ = {isa = PBXFileReference; lastKnownFileType = sourcecode.c.h; path = OCBaseManager.h; sourceTree = "<group>"; };
		5D035D2620E4BE0A004C77E4 /* OCBaseManager.m */ = {isa = PBXFileReference; lastKnownFileType = sourcecode.c.objc; path = OCBaseManager.m; sourceTree = "<group>"; };
		5D149334210DAE2F0070B1B8 /* NSObject+Additions.h */ = {isa = PBXFileReference; lastKnownFileType = sourcecode.c.h; path = "NSObject+Additions.h"; sourceTree = "<group>"; };
		5D149335210DAE2F0070B1B8 /* NSObject+Additions.m */ = {isa = PBXFileReference; lastKnownFileType = sourcecode.c.objc; path = "NSObject+Additions.m"; sourceTree = "<group>"; };
		5D149338210DB43E0070B1B8 /* ReadMeNSObjcet.h */ = {isa = PBXFileReference; lastKnownFileType = sourcecode.c.h; path = ReadMeNSObjcet.h; sourceTree = "<group>"; };
		5D149339210DB43E0070B1B8 /* ReadMeNSObjcet.m */ = {isa = PBXFileReference; lastKnownFileType = sourcecode.c.objc; path = ReadMeNSObjcet.m; sourceTree = "<group>"; };
		5D14933B210DFA6E0070B1B8 /* REDEMEProtocol.h */ = {isa = PBXFileReference; lastKnownFileType = sourcecode.c.h; path = REDEMEProtocol.h; sourceTree = "<group>"; };
		5D24F200215DD0380015A6BC /* OCLearningOOP.m */ = {isa = PBXFileReference; fileEncoding = 4; lastKnownFileType = sourcecode.c.objc; path = OCLearningOOP.m; sourceTree = "<group>"; };
		5D24F201215DD0380015A6BC /* OCLearningOOP+GetPrivate.h */ = {isa = PBXFileReference; fileEncoding = 4; lastKnownFileType = sourcecode.c.h; path = "OCLearningOOP+GetPrivate.h"; sourceTree = "<group>"; };
		5D24F202215DD0380015A6BC /* OCLearningOOP+GetPrivate.m */ = {isa = PBXFileReference; fileEncoding = 4; lastKnownFileType = sourcecode.c.objc; path = "OCLearningOOP+GetPrivate.m"; sourceTree = "<group>"; };
		5D24F203215DD0380015A6BC /* OCLearningOOP.h */ = {isa = PBXFileReference; fileEncoding = 4; lastKnownFileType = sourcecode.c.h; path = OCLearningOOP.h; sourceTree = "<group>"; };
		5D24F206215DD0440015A6BC /* NSObject+PrivateMethod.m */ = {isa = PBXFileReference; fileEncoding = 4; lastKnownFileType = sourcecode.c.objc; path = "NSObject+PrivateMethod.m"; sourceTree = "<group>"; };
		5D24F207215DD0440015A6BC /* NSObject+PrivateMethod.h */ = {isa = PBXFileReference; fileEncoding = 4; lastKnownFileType = sourcecode.c.h; path = "NSObject+PrivateMethod.h"; sourceTree = "<group>"; };
		5D374E3220E39AE4002C89AE /* OCSaveDataTableViewController.h */ = {isa = PBXFileReference; lastKnownFileType = sourcecode.c.h; path = OCSaveDataTableViewController.h; sourceTree = "<group>"; };
		5D374E3320E39AE4002C89AE /* OCSaveDataTableViewController.m */ = {isa = PBXFileReference; lastKnownFileType = sourcecode.c.objc; path = OCSaveDataTableViewController.m; sourceTree = "<group>"; };
		5D374E3520E39D4F002C89AE /* OCFuntionStyleViewController.h */ = {isa = PBXFileReference; lastKnownFileType = sourcecode.c.h; path = OCFuntionStyleViewController.h; sourceTree = "<group>"; };
		5D374E3620E39D4F002C89AE /* OCFuntionStyleViewController.m */ = {isa = PBXFileReference; lastKnownFileType = sourcecode.c.objc; path = OCFuntionStyleViewController.m; sourceTree = "<group>"; };
		5D45A24E1F1769D500D60780 /* Assets.xcassets */ = {isa = PBXFileReference; lastKnownFileType = folder.assetcatalog; path = Assets.xcassets; sourceTree = "<group>"; };
		5D45A2501F1769FD00D60780 /* BClass.h */ = {isa = PBXFileReference; fileEncoding = 4; lastKnownFileType = sourcecode.c.h; path = BClass.h; sourceTree = "<group>"; };
		5D45A2511F1769FD00D60780 /* BClass.m */ = {isa = PBXFileReference; fileEncoding = 4; lastKnownFileType = sourcecode.c.objc; path = BClass.m; sourceTree = "<group>"; };
		5D45A2531F176A6400D60780 /* Person.h */ = {isa = PBXFileReference; fileEncoding = 4; lastKnownFileType = sourcecode.c.h; path = Person.h; sourceTree = "<group>"; };
		5D45A2541F176A6400D60780 /* Person.m */ = {isa = PBXFileReference; fileEncoding = 4; lastKnownFileType = sourcecode.c.objc; path = Person.m; sourceTree = "<group>"; };
		5D45A2581F17724600D60780 /* Person+ForwardMessage.h */ = {isa = PBXFileReference; fileEncoding = 4; lastKnownFileType = sourcecode.c.h; path = "Person+ForwardMessage.h"; sourceTree = "<group>"; };
		5D45A2591F17724600D60780 /* Person+ForwardMessage.m */ = {isa = PBXFileReference; fileEncoding = 4; lastKnownFileType = sourcecode.c.objc; path = "Person+ForwardMessage.m"; sourceTree = "<group>"; };
		5D45A25B1F1776F600D60780 /* Bird.h */ = {isa = PBXFileReference; fileEncoding = 4; lastKnownFileType = sourcecode.c.h; path = Bird.h; sourceTree = "<group>"; };
		5D45A25C1F1776F600D60780 /* Bird.m */ = {isa = PBXFileReference; fileEncoding = 4; lastKnownFileType = sourcecode.c.objc; path = Bird.m; sourceTree = "<group>"; };
		5D45A25F1F177CF600D60780 /* Animal.h */ = {isa = PBXFileReference; fileEncoding = 4; lastKnownFileType = sourcecode.c.h; path = Animal.h; sourceTree = "<group>"; };
		5D45A2601F177CF600D60780 /* Animal.m */ = {isa = PBXFileReference; fileEncoding = 4; lastKnownFileType = sourcecode.c.objc; path = Animal.m; sourceTree = "<group>"; };
		5D45A2631F17828A00D60780 /* UserModel.h */ = {isa = PBXFileReference; fileEncoding = 4; lastKnownFileType = sourcecode.c.h; path = UserModel.h; sourceTree = "<group>"; };
		5D45A2641F17828A00D60780 /* UserModel.m */ = {isa = PBXFileReference; fileEncoding = 4; lastKnownFileType = sourcecode.c.objc; path = UserModel.m; sourceTree = "<group>"; };
		5D45A2661F1782D200D60780 /* NSObject+MakeModel.h */ = {isa = PBXFileReference; fileEncoding = 4; lastKnownFileType = sourcecode.c.h; path = "NSObject+MakeModel.h"; sourceTree = "<group>"; };
		5D45A2671F1782D200D60780 /* NSObject+MakeModel.m */ = {isa = PBXFileReference; fileEncoding = 4; lastKnownFileType = sourcecode.c.objc; path = "NSObject+MakeModel.m"; sourceTree = "<group>"; };
		5D4B92081F28A487004A242C /* LearnCategory.h */ = {isa = PBXFileReference; lastKnownFileType = sourcecode.c.h; path = LearnCategory.h; sourceTree = "<group>"; };
		5D4B92091F28A487004A242C /* LearnCategory.m */ = {isa = PBXFileReference; lastKnownFileType = sourcecode.c.objc; path = LearnCategory.m; sourceTree = "<group>"; };
		5D4B920B1F28A4AB004A242C /* LearnCategory+Addtion1.h */ = {isa = PBXFileReference; lastKnownFileType = sourcecode.c.h; path = "LearnCategory+Addtion1.h"; sourceTree = "<group>"; };
		5D4B920C1F28A4AB004A242C /* LearnCategory+Addtion1.m */ = {isa = PBXFileReference; lastKnownFileType = sourcecode.c.objc; path = "LearnCategory+Addtion1.m"; sourceTree = "<group>"; };
		5D4B920E1F28A4B6004A242C /* LearnCategory+Addtion2.h */ = {isa = PBXFileReference; lastKnownFileType = sourcecode.c.h; path = "LearnCategory+Addtion2.h"; sourceTree = "<group>"; };
		5D4B920F1F28A4B6004A242C /* LearnCategory+Addtion2.m */ = {isa = PBXFileReference; lastKnownFileType = sourcecode.c.objc; path = "LearnCategory+Addtion2.m"; sourceTree = "<group>"; };
		5D5F4E7B1F0F6786000DE712 /* OCDeepLearning.app */ = {isa = PBXFileReference; explicitFileType = wrapper.application; includeInIndex = 0; path = OCDeepLearning.app; sourceTree = BUILT_PRODUCTS_DIR; };
		5D5F4E7F1F0F6786000DE712 /* main.m */ = {isa = PBXFileReference; lastKnownFileType = sourcecode.c.objc; path = main.m; sourceTree = "<group>"; };
		5D5F4E811F0F6786000DE712 /* AppDelegate.h */ = {isa = PBXFileReference; lastKnownFileType = sourcecode.c.h; path = AppDelegate.h; sourceTree = "<group>"; };
		5D5F4E821F0F6786000DE712 /* AppDelegate.m */ = {isa = PBXFileReference; lastKnownFileType = sourcecode.c.objc; path = AppDelegate.m; sourceTree = "<group>"; };
		5D5F4E841F0F6786000DE712 /* ViewController.h */ = {isa = PBXFileReference; lastKnownFileType = sourcecode.c.h; path = ViewController.h; sourceTree = "<group>"; };
		5D5F4E851F0F6786000DE712 /* ViewController.m */ = {isa = PBXFileReference; lastKnownFileType = sourcecode.c.objc; path = ViewController.m; sourceTree = "<group>"; };
		5D5F4E881F0F6786000DE712 /* Base */ = {isa = PBXFileReference; lastKnownFileType = file.storyboard; name = Base; path = Base.lproj/Main.storyboard; sourceTree = "<group>"; };
		5D5F4E8D1F0F6786000DE712 /* Base */ = {isa = PBXFileReference; lastKnownFileType = file.storyboard; name = Base; path = Base.lproj/LaunchScreen.storyboard; sourceTree = "<group>"; };
		5D5F4E8F1F0F6786000DE712 /* Info.plist */ = {isa = PBXFileReference; lastKnownFileType = text.plist.xml; path = Info.plist; sourceTree = "<group>"; };
		5D5F4E941F0F6786000DE712 /* OCDeepLearningTests.xctest */ = {isa = PBXFileReference; explicitFileType = wrapper.cfbundle; includeInIndex = 0; path = OCDeepLearningTests.xctest; sourceTree = BUILT_PRODUCTS_DIR; };
		5D5F4E981F0F6786000DE712 /* OCDeepLearningTests.m */ = {isa = PBXFileReference; lastKnownFileType = sourcecode.c.objc; path = OCDeepLearningTests.m; sourceTree = "<group>"; };
		5D5F4E9A1F0F6786000DE712 /* Info.plist */ = {isa = PBXFileReference; lastKnownFileType = text.plist.xml; path = Info.plist; sourceTree = "<group>"; };
		5D5F4E9F1F0F6786000DE712 /* OCDeepLearningUITests.xctest */ = {isa = PBXFileReference; explicitFileType = wrapper.cfbundle; includeInIndex = 0; path = OCDeepLearningUITests.xctest; sourceTree = BUILT_PRODUCTS_DIR; };
		5D5F4EA31F0F6786000DE712 /* OCDeepLearningUITests.m */ = {isa = PBXFileReference; lastKnownFileType = sourcecode.c.objc; path = OCDeepLearningUITests.m; sourceTree = "<group>"; };
		5D5F4EA51F0F6786000DE712 /* Info.plist */ = {isa = PBXFileReference; lastKnownFileType = text.plist.xml; path = Info.plist; sourceTree = "<group>"; };
		5D5F4EB11F0F67BF000DE712 /* OCAutoReleasePool.h */ = {isa = PBXFileReference; fileEncoding = 4; lastKnownFileType = sourcecode.c.h; path = OCAutoReleasePool.h; sourceTree = "<group>"; };
		5D5F4EB21F0F67BF000DE712 /* OCAutoReleasePool.m */ = {isa = PBXFileReference; fileEncoding = 4; lastKnownFileType = sourcecode.c.objc; path = OCAutoReleasePool.m; sourceTree = "<group>"; };
		5D5F4EB41F0F7215000DE712 /* NSObject+Runtime.h */ = {isa = PBXFileReference; fileEncoding = 4; lastKnownFileType = sourcecode.c.h; path = "NSObject+Runtime.h"; sourceTree = "<group>"; };
		5D5F4EB51F0F7215000DE712 /* NSObject+Runtime.m */ = {isa = PBXFileReference; fileEncoding = 4; lastKnownFileType = sourcecode.c.objc; path = "NSObject+Runtime.m"; sourceTree = "<group>"; };
		5D60C5B5212B023100AB9BFD /* LearnSelfAndSuper.h */ = {isa = PBXFileReference; lastKnownFileType = sourcecode.c.h; path = LearnSelfAndSuper.h; sourceTree = "<group>"; };
		5D60C5B6212B023100AB9BFD /* LearnSelfAndSuper.m */ = {isa = PBXFileReference; lastKnownFileType = sourcecode.c.objc; path = LearnSelfAndSuper.m; sourceTree = "<group>"; };
		5D6588CD212ADCBB0092BD78 /* LearnWebViewController.h */ = {isa = PBXFileReference; lastKnownFileType = sourcecode.c.h; path = LearnWebViewController.h; sourceTree = "<group>"; };
		5D6588CE212ADCBB0092BD78 /* LearnWebViewController.m */ = {isa = PBXFileReference; lastKnownFileType = sourcecode.c.objc; path = LearnWebViewController.m; sourceTree = "<group>"; };
		5D6588D0212ADCF70092BD78 /* LearnWKWebView.h */ = {isa = PBXFileReference; lastKnownFileType = sourcecode.c.h; path = LearnWKWebView.h; sourceTree = "<group>"; };
		5D6588D1212ADCF70092BD78 /* LearnWKWebView.m */ = {isa = PBXFileReference; lastKnownFileType = sourcecode.c.objc; path = LearnWKWebView.m; sourceTree = "<group>"; };
		5D6588D3212ADD160092BD78 /* LearnUIWebView.h */ = {isa = PBXFileReference; lastKnownFileType = sourcecode.c.h; path = LearnUIWebView.h; sourceTree = "<group>"; };
		5D6588D4212ADD160092BD78 /* LearnUIWebView.m */ = {isa = PBXFileReference; lastKnownFileType = sourcecode.c.objc; path = LearnUIWebView.m; sourceTree = "<group>"; };
		5D71C43420C6689800EDD506 /* AppDelegate+Addtions.h */ = {isa = PBXFileReference; lastKnownFileType = sourcecode.c.h; path = "AppDelegate+Addtions.h"; sourceTree = "<group>"; };
		5D71C43520C6689800EDD506 /* AppDelegate+Addtions.m */ = {isa = PBXFileReference; lastKnownFileType = sourcecode.c.objc; path = "AppDelegate+Addtions.m"; sourceTree = "<group>"; };
		5D71C43720C66BDD00EDD506 /* TestViewController.h */ = {isa = PBXFileReference; lastKnownFileType = sourcecode.c.h; path = TestViewController.h; sourceTree = "<group>"; };
		5D71C43820C66BDD00EDD506 /* TestViewController.m */ = {isa = PBXFileReference; lastKnownFileType = sourcecode.c.objc; path = TestViewController.m; sourceTree = "<group>"; };
		5D77E5721F14D9EE005A8459 /* GCDLearning.h */ = {isa = PBXFileReference; fileEncoding = 4; lastKnownFileType = sourcecode.c.h; path = GCDLearning.h; sourceTree = "<group>"; };
		5D77E5731F14D9EE005A8459 /* GCDLearning.m */ = {isa = PBXFileReference; fileEncoding = 4; lastKnownFileType = sourcecode.c.objc; path = GCDLearning.m; sourceTree = "<group>"; };
		5D8690451F18C3D800C269C8 /* OC_SEL.h */ = {isa = PBXFileReference; fileEncoding = 4; lastKnownFileType = sourcecode.c.h; path = OC_SEL.h; sourceTree = "<group>"; };
		5D8690461F18C3D800C269C8 /* OC_SEL.m */ = {isa = PBXFileReference; fileEncoding = 4; lastKnownFileType = sourcecode.c.objc; path = OC_SEL.m; sourceTree = "<group>"; };
		5D8690491F18D6BB00C269C8 /* OC_IMP.h */ = {isa = PBXFileReference; fileEncoding = 4; lastKnownFileType = sourcecode.c.h; path = OC_IMP.h; sourceTree = "<group>"; };
		5D86904A1F18D6BB00C269C8 /* OC_IMP.m */ = {isa = PBXFileReference; fileEncoding = 4; lastKnownFileType = sourcecode.c.objc; path = OC_IMP.m; sourceTree = "<group>"; };
		5D86904C1F18D6C600C269C8 /* OC_Method.h */ = {isa = PBXFileReference; fileEncoding = 4; lastKnownFileType = sourcecode.c.h; path = OC_Method.h; sourceTree = "<group>"; };
		5D86904D1F18D6C600C269C8 /* OC_Method.m */ = {isa = PBXFileReference; fileEncoding = 4; lastKnownFileType = sourcecode.c.objc; path = OC_Method.m; sourceTree = "<group>"; };
		5D899E7020D3AEB100552152 /* OCBaseTableViewController.h */ = {isa = PBXFileReference; lastKnownFileType = sourcecode.c.h; path = OCBaseTableViewController.h; sourceTree = "<group>"; };
		5D899E7120D3AEB100552152 /* OCBaseTableViewController.m */ = {isa = PBXFileReference; lastKnownFileType = sourcecode.c.objc; path = OCBaseTableViewController.m; sourceTree = "<group>"; };
		5D899E7320D3AEC000552152 /* OCBaseTableViewCell.h */ = {isa = PBXFileReference; lastKnownFileType = sourcecode.c.h; path = OCBaseTableViewCell.h; sourceTree = "<group>"; };
		5D899E7420D3AEC000552152 /* OCBaseTableViewCell.m */ = {isa = PBXFileReference; lastKnownFileType = sourcecode.c.objc; path = OCBaseTableViewCell.m; sourceTree = "<group>"; };
		5D899E7620D3B12300552152 /* OCBaseTableViewCell+ConfigModel.h */ = {isa = PBXFileReference; lastKnownFileType = sourcecode.c.h; path = "OCBaseTableViewCell+ConfigModel.h"; sourceTree = "<group>"; };
		5D899E7720D3B12300552152 /* OCBaseTableViewCell+ConfigModel.m */ = {isa = PBXFileReference; lastKnownFileType = sourcecode.c.objc; path = "OCBaseTableViewCell+ConfigModel.m"; sourceTree = "<group>"; };
		5D899E7920D3B1B900552152 /* OCBaseCellModel.h */ = {isa = PBXFileReference; lastKnownFileType = sourcecode.c.h; path = OCBaseCellModel.h; sourceTree = "<group>"; };
		5D899E7A20D3B1B900552152 /* OCBaseCellModel.m */ = {isa = PBXFileReference; lastKnownFileType = sourcecode.c.objc; path = OCBaseCellModel.m; sourceTree = "<group>"; };
		5D899E7D20D3B4F600552152 /* MainViewController.h */ = {isa = PBXFileReference; lastKnownFileType = sourcecode.c.h; path = MainViewController.h; sourceTree = "<group>"; };
		5D899E7E20D3B4F600552152 /* MainViewController.m */ = {isa = PBXFileReference; lastKnownFileType = sourcecode.c.objc; path = MainViewController.m; sourceTree = "<group>"; };
		5D9393B820DBB13000A61440 /* StudentDataManager.h */ = {isa = PBXFileReference; lastKnownFileType = sourcecode.c.h; path = StudentDataManager.h; sourceTree = "<group>"; };
		5D9393B920DBB13000A61440 /* StudentDataManager.m */ = {isa = PBXFileReference; lastKnownFileType = sourcecode.c.objc; path = StudentDataManager.m; sourceTree = "<group>"; };
		5DAABF9C1F135DEF0089460B /* AClass.h */ = {isa = PBXFileReference; fileEncoding = 4; lastKnownFileType = sourcecode.c.h; path = AClass.h; sourceTree = "<group>"; };
		5DAABF9D1F135DEF0089460B /* AClass.m */ = {isa = PBXFileReference; fileEncoding = 4; lastKnownFileType = sourcecode.c.objc; path = AClass.m; sourceTree = "<group>"; };
		5DB7EF8320DCCEA00030A648 /* OCDeepLearning.xcdatamodel */ = {isa = PBXFileReference; lastKnownFileType = wrapper.xcdatamodel; path = OCDeepLearning.xcdatamodel; sourceTree = "<group>"; };
		5DB7EF9720DCD3DA0030A648 /* Student+CoreDataClass.h */ = {isa = PBXFileReference; lastKnownFileType = sourcecode.c.h; path = "Student+CoreDataClass.h"; sourceTree = "<group>"; };
		5DB7EF9820DCD3DA0030A648 /* Student+CoreDataClass.m */ = {isa = PBXFileReference; lastKnownFileType = sourcecode.c.objc; path = "Student+CoreDataClass.m"; sourceTree = "<group>"; };
		5DB7EF9920DCD3DA0030A648 /* Student+CoreDataProperties.h */ = {isa = PBXFileReference; lastKnownFileType = sourcecode.c.h; path = "Student+CoreDataProperties.h"; sourceTree = "<group>"; };
		5DB7EF9A20DCD3DA0030A648 /* Student+CoreDataProperties.m */ = {isa = PBXFileReference; lastKnownFileType = sourcecode.c.objc; path = "Student+CoreDataProperties.m"; sourceTree = "<group>"; };
		5DB7EF9B20DCD3DA0030A648 /* Course+CoreDataClass.h */ = {isa = PBXFileReference; lastKnownFileType = sourcecode.c.h; path = "Course+CoreDataClass.h"; sourceTree = "<group>"; };
		5DB7EF9C20DCD3DA0030A648 /* Course+CoreDataClass.m */ = {isa = PBXFileReference; lastKnownFileType = sourcecode.c.objc; path = "Course+CoreDataClass.m"; sourceTree = "<group>"; };
		5DB7EF9D20DCD3DA0030A648 /* Course+CoreDataProperties.h */ = {isa = PBXFileReference; lastKnownFileType = sourcecode.c.h; path = "Course+CoreDataProperties.h"; sourceTree = "<group>"; };
		5DB7EF9E20DCD3DA0030A648 /* Course+CoreDataProperties.m */ = {isa = PBXFileReference; lastKnownFileType = sourcecode.c.objc; path = "Course+CoreDataProperties.m"; sourceTree = "<group>"; };
		5DB7EF9F20DCD3DA0030A648 /* Grade+CoreDataClass.h */ = {isa = PBXFileReference; lastKnownFileType = sourcecode.c.h; path = "Grade+CoreDataClass.h"; sourceTree = "<group>"; };
		5DB7EFA020DCD3DA0030A648 /* Grade+CoreDataClass.m */ = {isa = PBXFileReference; lastKnownFileType = sourcecode.c.objc; path = "Grade+CoreDataClass.m"; sourceTree = "<group>"; };
		5DB7EFA120DCD3DA0030A648 /* Grade+CoreDataProperties.h */ = {isa = PBXFileReference; lastKnownFileType = sourcecode.c.h; path = "Grade+CoreDataProperties.h"; sourceTree = "<group>"; };
		5DB7EFA220DCD3DA0030A648 /* Grade+CoreDataProperties.m */ = {isa = PBXFileReference; lastKnownFileType = sourcecode.c.objc; path = "Grade+CoreDataProperties.m"; sourceTree = "<group>"; };
		5DB7EFAD20E23C7C0030A648 /* BaseViewController.h */ = {isa = PBXFileReference; lastKnownFileType = sourcecode.c.h; path = BaseViewController.h; sourceTree = "<group>"; };
		5DB7EFAE20E23C7C0030A648 /* BaseViewController.m */ = {isa = PBXFileReference; lastKnownFileType = sourcecode.c.objc; path = BaseViewController.m; sourceTree = "<group>"; };
		5DB7EFB020E23C940030A648 /* ThirdViewController.h */ = {isa = PBXFileReference; lastKnownFileType = sourcecode.c.h; path = ThirdViewController.h; sourceTree = "<group>"; };
		5DB7EFB120E23C940030A648 /* ThirdViewController.m */ = {isa = PBXFileReference; lastKnownFileType = sourcecode.c.objc; path = ThirdViewController.m; sourceTree = "<group>"; };
		5DB7EFB320E240F40030A648 /* SecondTestViewController.h */ = {isa = PBXFileReference; lastKnownFileType = sourcecode.c.h; path = SecondTestViewController.h; sourceTree = "<group>"; };
		5DB7EFB420E240F40030A648 /* SecondTestViewController.m */ = {isa = PBXFileReference; lastKnownFileType = sourcecode.c.objc; path = SecondTestViewController.m; sourceTree = "<group>"; };
		5DB7EFBB20E244900030A648 /* CTMediator.m */ = {isa = PBXFileReference; fileEncoding = 4; lastKnownFileType = sourcecode.c.objc; path = CTMediator.m; sourceTree = "<group>"; };
		5DB7EFBC20E244900030A648 /* CTMediator.h */ = {isa = PBXFileReference; fileEncoding = 4; lastKnownFileType = sourcecode.c.h; path = CTMediator.h; sourceTree = "<group>"; };
		5DB8C1E41F94AC6B008D7FB3 /* appletrace.mm */ = {isa = PBXFileReference; lastKnownFileType = sourcecode.cpp.objcpp; path = appletrace.mm; sourceTree = "<group>"; };
		5DB8C1E51F94AC6B008D7FB3 /* appletrace.h */ = {isa = PBXFileReference; lastKnownFileType = sourcecode.c.h; path = appletrace.h; sourceTree = "<group>"; };
		5DB8C1E61F94AD6E008D7FB3 /* PrefixHeader.pch */ = {isa = PBXFileReference; lastKnownFileType = sourcecode.c.h; path = PrefixHeader.pch; sourceTree = "<group>"; };
		5DBC6E0B1F26EB2F00E35AB3 /* NSObject+Extension.h */ = {isa = PBXFileReference; fileEncoding = 4; lastKnownFileType = sourcecode.c.h; path = "NSObject+Extension.h"; sourceTree = "<group>"; };
		5DBC6E0C1F26EB2F00E35AB3 /* NSObject+Extension.m */ = {isa = PBXFileReference; fileEncoding = 4; lastKnownFileType = sourcecode.c.objc; path = "NSObject+Extension.m"; sourceTree = "<group>"; };
		5DC2A34F20B3EEF300565281 /* OCDLView.h */ = {isa = PBXFileReference; lastKnownFileType = sourcecode.c.h; path = OCDLView.h; sourceTree = "<group>"; };
		5DC2A35020B3EEF300565281 /* OCDLView.m */ = {isa = PBXFileReference; lastKnownFileType = sourcecode.c.objc; path = OCDLView.m; sourceTree = "<group>"; };
		5DC2A35220B3EF1500565281 /* OCDLLayer.h */ = {isa = PBXFileReference; lastKnownFileType = sourcecode.c.h; path = OCDLLayer.h; sourceTree = "<group>"; };
		5DC2A35320B3EF1500565281 /* OCDLLayer.m */ = {isa = PBXFileReference; lastKnownFileType = sourcecode.c.objc; path = OCDLLayer.m; sourceTree = "<group>"; };
		5DD027871F25AA19005438B9 /* OCAutorelease.h */ = {isa = PBXFileReference; lastKnownFileType = sourcecode.c.h; path = OCAutorelease.h; sourceTree = "<group>"; };
		5DD027881F25AA19005438B9 /* OCAutorelease.m */ = {isa = PBXFileReference; lastKnownFileType = sourcecode.c.objc; path = OCAutorelease.m; sourceTree = "<group>"; };
		5DE398E121368E64003F50FF /* OCDataSourceManager.h */ = {isa = PBXFileReference; lastKnownFileType = sourcecode.c.h; path = OCDataSourceManager.h; sourceTree = "<group>"; };
		5DE398E221368E64003F50FF /* OCDataSourceManager.m */ = {isa = PBXFileReference; lastKnownFileType = sourcecode.c.objc; path = OCDataSourceManager.m; sourceTree = "<group>"; };
		5DEA105221229FE3003869F1 /* BlockLearning.h */ = {isa = PBXFileReference; lastKnownFileType = sourcecode.c.h; path = BlockLearning.h; sourceTree = "<group>"; };
		5DEA105321229FE3003869F1 /* BlockLearning.m */ = {isa = PBXFileReference; lastKnownFileType = sourcecode.c.objc; path = BlockLearning.m; sourceTree = "<group>"; };
		5DEA105B2125763C003869F1 /* LearnInitializeBaseClass.h */ = {isa = PBXFileReference; lastKnownFileType = sourcecode.c.h; path = LearnInitializeBaseClass.h; sourceTree = "<group>"; };
		5DEA105C2125763C003869F1 /* LearnInitializeBaseClass.m */ = {isa = PBXFileReference; lastKnownFileType = sourcecode.c.objc; path = LearnInitializeBaseClass.m; sourceTree = "<group>"; };
		5DEA105E21257663003869F1 /* LearnInitializeChildClass.h */ = {isa = PBXFileReference; lastKnownFileType = sourcecode.c.h; path = LearnInitializeChildClass.h; sourceTree = "<group>"; };
		5DEA105F21257664003869F1 /* LearnInitializeChildClass.m */ = {isa = PBXFileReference; lastKnownFileType = sourcecode.c.objc; path = LearnInitializeChildClass.m; sourceTree = "<group>"; };
		5DEA106421257DA0003869F1 /* LearnInitializeFatherClass.h */ = {isa = PBXFileReference; lastKnownFileType = sourcecode.c.h; path = LearnInitializeFatherClass.h; sourceTree = "<group>"; };
		5DEA106521257DA0003869F1 /* LearnInitializeFatherClass.m */ = {isa = PBXFileReference; lastKnownFileType = sourcecode.c.objc; path = LearnInitializeFatherClass.m; sourceTree = "<group>"; };
		5DEA10682126A11C003869F1 /* LearnDatasourceClass.h */ = {isa = PBXFileReference; lastKnownFileType = sourcecode.c.h; path = LearnDatasourceClass.h; sourceTree = "<group>"; };
		5DEA10692126A11C003869F1 /* LearnDatasourceClass.m */ = {isa = PBXFileReference; lastKnownFileType = sourcecode.c.objc; path = LearnDatasourceClass.m; sourceTree = "<group>"; };
		5DF622CE1F161E5200D74036 /* ViewController+SwizzlingMethod.h */ = {isa = PBXFileReference; fileEncoding = 4; lastKnownFileType = sourcecode.c.h; path = "ViewController+SwizzlingMethod.h"; sourceTree = "<group>"; };
		5DF622CF1F161E5200D74036 /* ViewController+SwizzlingMethod.m */ = {isa = PBXFileReference; fileEncoding = 4; lastKnownFileType = sourcecode.c.objc; path = "ViewController+SwizzlingMethod.m"; sourceTree = "<group>"; };
		5DF622D21F1620DD00D74036 /* NSObject+GBRuntimeLog.h */ = {isa = PBXFileReference; fileEncoding = 4; lastKnownFileType = sourcecode.c.h; path = "NSObject+GBRuntimeLog.h"; sourceTree = "<group>"; };
		5DF622D31F1620DD00D74036 /* NSObject+GBRuntimeLog.m */ = {isa = PBXFileReference; fileEncoding = 4; lastKnownFileType = sourcecode.c.objc; path = "NSObject+GBRuntimeLog.m"; sourceTree = "<group>"; };
		5DF90FE51F1C5AF100B809C5 /* OC_AClass.h */ = {isa = PBXFileReference; fileEncoding = 4; lastKnownFileType = sourcecode.c.h; path = OC_AClass.h; sourceTree = "<group>"; };
		5DF90FE61F1C5AF100B809C5 /* OC_AClass.m */ = {isa = PBXFileReference; fileEncoding = 4; lastKnownFileType = sourcecode.c.objc; path = OC_AClass.m; sourceTree = "<group>"; };
/* End PBXFileReference section */

/* Begin PBXFrameworksBuildPhase section */
		5D5F4E781F0F6786000DE712 /* Frameworks */ = {
			isa = PBXFrameworksBuildPhase;
			buildActionMask = 2147483647;
			files = (
			);
			runOnlyForDeploymentPostprocessing = 0;
		};
		5D5F4E911F0F6786000DE712 /* Frameworks */ = {
			isa = PBXFrameworksBuildPhase;
			buildActionMask = 2147483647;
			files = (
			);
			runOnlyForDeploymentPostprocessing = 0;
		};
		5D5F4E9C1F0F6786000DE712 /* Frameworks */ = {
			isa = PBXFrameworksBuildPhase;
			buildActionMask = 2147483647;
			files = (
			);
			runOnlyForDeploymentPostprocessing = 0;
		};
/* End PBXFrameworksBuildPhase section */

/* Begin PBXGroup section */
		5D149337210DB4160070B1B8 /* ReadMe */ = {
			isa = PBXGroup;
			children = (
				5D149338210DB43E0070B1B8 /* ReadMeNSObjcet.h */,
				5D149339210DB43E0070B1B8 /* ReadMeNSObjcet.m */,
				5D14933B210DFA6E0070B1B8 /* REDEMEProtocol.h */,
			);
			name = ReadMe;
			sourceTree = "<group>";
		};
		5D24F1FF215DD0160015A6BC /* PrivateMethod&Property */ = {
			isa = PBXGroup;
			children = (
				5D24F207215DD0440015A6BC /* NSObject+PrivateMethod.h */,
				5D24F206215DD0440015A6BC /* NSObject+PrivateMethod.m */,
				5D24F203215DD0380015A6BC /* OCLearningOOP.h */,
				5D24F200215DD0380015A6BC /* OCLearningOOP.m */,
				5D24F201215DD0380015A6BC /* OCLearningOOP+GetPrivate.h */,
				5D24F202215DD0380015A6BC /* OCLearningOOP+GetPrivate.m */,
			);
			name = "PrivateMethod&Property";
			sourceTree = "<group>";
		};
		5D45A24B1F171EBB00D60780 /* Tools */ = {
			isa = PBXGroup;
			children = (
				5DB7EFBA20E2443A0030A648 /* CTMediator */,
				5DB8C1E31F94AC57008D7FB3 /* Monitor */,
				5DF622D11F1620DD00D74036 /* GBRuntimeLog */,
				5DF622CE1F161E5200D74036 /* ViewController+SwizzlingMethod.h */,
				5DF622CF1F161E5200D74036 /* ViewController+SwizzlingMethod.m */,
				5DBC6E0B1F26EB2F00E35AB3 /* NSObject+Extension.h */,
				5DBC6E0C1F26EB2F00E35AB3 /* NSObject+Extension.m */,
			);
			name = Tools;
			sourceTree = "<group>";
		};
		5D45A24D1F1763E600D60780 /* 消息转发流程 */ = {
			isa = PBXGroup;
			children = (
				5D45A2531F176A6400D60780 /* Person.h */,
				5D45A2541F176A6400D60780 /* Person.m */,
				5D45A2581F17724600D60780 /* Person+ForwardMessage.h */,
				5D45A2591F17724600D60780 /* Person+ForwardMessage.m */,
				5D45A25B1F1776F600D60780 /* Bird.h */,
				5D45A25C1F1776F600D60780 /* Bird.m */,
			);
			name = "消息转发流程";
			sourceTree = "<group>";
		};
		5D45A25E1F177CD000D60780 /* 动态加载 */ = {
			isa = PBXGroup;
			children = (
				5D45A25F1F177CF600D60780 /* Animal.h */,
				5D45A2601F177CF600D60780 /* Animal.m */,
			);
			name = "动态加载";
			sourceTree = "<group>";
		};
		5D45A2621F17822B00D60780 /* 字典转模型 */ = {
			isa = PBXGroup;
			children = (
				5D45A2631F17828A00D60780 /* UserModel.h */,
				5D45A2641F17828A00D60780 /* UserModel.m */,
				5D45A2661F1782D200D60780 /* NSObject+MakeModel.h */,
				5D45A2671F1782D200D60780 /* NSObject+MakeModel.m */,
			);
			name = "字典转模型";
			sourceTree = "<group>";
		};
		5D56F8331F94695F00250279 /* Frameworks */ = {
			isa = PBXGroup;
			children = (
			);
			name = Frameworks;
			sourceTree = "<group>";
		};
		5D5F4E721F0F6786000DE712 = {
			isa = PBXGroup;
			children = (
				5DB8C1E61F94AD6E008D7FB3 /* PrefixHeader.pch */,
				5D5F4E7D1F0F6786000DE712 /* OCDeepLearning */,
				5D5F4E971F0F6786000DE712 /* OCDeepLearningTests */,
				5D5F4EA21F0F6786000DE712 /* OCDeepLearningUITests */,
				5D5F4E7C1F0F6786000DE712 /* Products */,
				5D56F8331F94695F00250279 /* Frameworks */,
			);
			sourceTree = "<group>";
		};
		5D5F4E7C1F0F6786000DE712 /* Products */ = {
			isa = PBXGroup;
			children = (
				5D5F4E7B1F0F6786000DE712 /* OCDeepLearning.app */,
				5D5F4E941F0F6786000DE712 /* OCDeepLearningTests.xctest */,
				5D5F4E9F1F0F6786000DE712 /* OCDeepLearningUITests.xctest */,
			);
			name = Products;
			sourceTree = "<group>";
		};
		5D5F4E7D1F0F6786000DE712 /* OCDeepLearning */ = {
			isa = PBXGroup;
			children = (
				5D24F1FF215DD0160015A6BC /* PrivateMethod&Property */,
				5DE398E021368E44003F50FF /* Manager */,
				5D60C5B4212B021000AB9BFD /* self & super */,
				5DEA106B2126A124003869F1 /* DataSource */,
				5D149337210DB4160070B1B8 /* ReadMe */,
				5D9393BC20DC9F4700A61440 /* VC */,
				5D45A24B1F171EBB00D60780 /* Tools */,
				5DF691F61F289D1F00487691 /* Category */,
				5D77E5771F14E2C5005A8459 /* ARC */,
				5DEA105121229FB2003869F1 /* Block */,
				5D77E5761F14E293005A8459 /* Runtime */,
				5D77E5751F14E283005A8459 /* GCD */,
				5D9393BB20DC9F1A00A61440 /* UIView&CALayer */,
				5D6588CC212ADC960092BD78 /* webView */,
				5D9393A120DB997900A61440 /* DB */,
				5D5F4E7E1F0F6786000DE712 /* Supporting Files */,
			);
			path = OCDeepLearning;
			sourceTree = "<group>";
		};
		5D5F4E7E1F0F6786000DE712 /* Supporting Files */ = {
			isa = PBXGroup;
			children = (
				5D5F4E811F0F6786000DE712 /* AppDelegate.h */,
				5D5F4E821F0F6786000DE712 /* AppDelegate.m */,
				5D71C43420C6689800EDD506 /* AppDelegate+Addtions.h */,
				5D71C43520C6689800EDD506 /* AppDelegate+Addtions.m */,
				5D45A24E1F1769D500D60780 /* Assets.xcassets */,
				5D5F4E871F0F6786000DE712 /* Main.storyboard */,
				5D5F4E8C1F0F6786000DE712 /* LaunchScreen.storyboard */,
				5D5F4E8F1F0F6786000DE712 /* Info.plist */,
				5D5F4E7F1F0F6786000DE712 /* main.m */,
			);
			name = "Supporting Files";
			sourceTree = "<group>";
		};
		5D5F4E971F0F6786000DE712 /* OCDeepLearningTests */ = {
			isa = PBXGroup;
			children = (
				5D5F4E981F0F6786000DE712 /* OCDeepLearningTests.m */,
				5D5F4E9A1F0F6786000DE712 /* Info.plist */,
			);
			path = OCDeepLearningTests;
			sourceTree = "<group>";
		};
		5D5F4EA21F0F6786000DE712 /* OCDeepLearningUITests */ = {
			isa = PBXGroup;
			children = (
				5D5F4EA31F0F6786000DE712 /* OCDeepLearningUITests.m */,
				5D5F4EA51F0F6786000DE712 /* Info.plist */,
			);
			path = OCDeepLearningUITests;
			sourceTree = "<group>";
		};
		5D60C5B4212B021000AB9BFD /* self & super */ = {
			isa = PBXGroup;
			children = (
				5D60C5B5212B023100AB9BFD /* LearnSelfAndSuper.h */,
				5D60C5B6212B023100AB9BFD /* LearnSelfAndSuper.m */,
			);
			name = "self & super";
			sourceTree = "<group>";
		};
		5D6588CC212ADC960092BD78 /* webView */ = {
			isa = PBXGroup;
			children = (
				5D6588CD212ADCBB0092BD78 /* LearnWebViewController.h */,
				5D6588CE212ADCBB0092BD78 /* LearnWebViewController.m */,
				5D6588D3212ADD160092BD78 /* LearnUIWebView.h */,
				5D6588D4212ADD160092BD78 /* LearnUIWebView.m */,
				5D6588D0212ADCF70092BD78 /* LearnWKWebView.h */,
				5D6588D1212ADCF70092BD78 /* LearnWKWebView.m */,
			);
			name = webView;
			sourceTree = "<group>";
		};
		5D77E5751F14E283005A8459 /* GCD */ = {
			isa = PBXGroup;
			children = (
				5D77E5721F14D9EE005A8459 /* GCDLearning.h */,
				5D77E5731F14D9EE005A8459 /* GCDLearning.m */,
			);
			name = GCD;
			sourceTree = "<group>";
		};
		5D77E5761F14E293005A8459 /* Runtime */ = {
			isa = PBXGroup;
			children = (
				5D8690481F18D69D00C269C8 /* Mrthod & SEL &IMP */,
				5D45A2621F17822B00D60780 /* 字典转模型 */,
				5D45A25E1F177CD000D60780 /* 动态加载 */,
				5D45A24D1F1763E600D60780 /* 消息转发流程 */,
				5DAABFA21F136B210089460B /* TestLoad&Initialize */,
			);
			name = Runtime;
			sourceTree = "<group>";
		};
		5D77E5771F14E2C5005A8459 /* ARC */ = {
			isa = PBXGroup;
			children = (
				5D5F4EB11F0F67BF000DE712 /* OCAutoReleasePool.h */,
				5D5F4EB21F0F67BF000DE712 /* OCAutoReleasePool.m */,
				5DE5C9671F1C6C05004B2A81 /* @synthesize */,
				5DD027871F25AA19005438B9 /* OCAutorelease.h */,
				5DD027881F25AA19005438B9 /* OCAutorelease.m */,
			);
			name = ARC;
			sourceTree = "<group>";
		};
		5D8690481F18D69D00C269C8 /* Mrthod & SEL &IMP */ = {
			isa = PBXGroup;
			children = (
				5D8690451F18C3D800C269C8 /* OC_SEL.h */,
				5D8690461F18C3D800C269C8 /* OC_SEL.m */,
				5D8690491F18D6BB00C269C8 /* OC_IMP.h */,
				5D86904A1F18D6BB00C269C8 /* OC_IMP.m */,
				5D86904C1F18D6C600C269C8 /* OC_Method.h */,
				5D86904D1F18D6C600C269C8 /* OC_Method.m */,
			);
			name = "Mrthod & SEL &IMP";
			sourceTree = "<group>";
		};
		5D899E6F20D3AE9400552152 /* SecondPage */ = {
			isa = PBXGroup;
			children = (
				5D899E7920D3B1B900552152 /* OCBaseCellModel.h */,
				5D899E7A20D3B1B900552152 /* OCBaseCellModel.m */,
				5D899E7620D3B12300552152 /* OCBaseTableViewCell+ConfigModel.h */,
				5D899E7720D3B12300552152 /* OCBaseTableViewCell+ConfigModel.m */,
				5D899E7020D3AEB100552152 /* OCBaseTableViewController.h */,
				5D899E7120D3AEB100552152 /* OCBaseTableViewController.m */,
				5D899E7320D3AEC000552152 /* OCBaseTableViewCell.h */,
				5D899E7420D3AEC000552152 /* OCBaseTableViewCell.m */,
			);
			name = SecondPage;
			sourceTree = "<group>";
		};
		5D899E7C20D3B4D300552152 /* FIrstPage */ = {
			isa = PBXGroup;
			children = (
				5D899E7D20D3B4F600552152 /* MainViewController.h */,
				5D899E7E20D3B4F600552152 /* MainViewController.m */,
			);
			name = FIrstPage;
			sourceTree = "<group>";
		};
		5D9393A120DB997900A61440 /* DB */ = {
			isa = PBXGroup;
			children = (
				5DB7EF9720DCD3DA0030A648 /* Student+CoreDataClass.h */,
				5DB7EF9820DCD3DA0030A648 /* Student+CoreDataClass.m */,
				5DB7EF9920DCD3DA0030A648 /* Student+CoreDataProperties.h */,
				5DB7EF9A20DCD3DA0030A648 /* Student+CoreDataProperties.m */,
				5DB7EF9B20DCD3DA0030A648 /* Course+CoreDataClass.h */,
				5DB7EF9C20DCD3DA0030A648 /* Course+CoreDataClass.m */,
				5DB7EF9D20DCD3DA0030A648 /* Course+CoreDataProperties.h */,
				5DB7EF9E20DCD3DA0030A648 /* Course+CoreDataProperties.m */,
				5DB7EF9F20DCD3DA0030A648 /* Grade+CoreDataClass.h */,
				5DB7EFA020DCD3DA0030A648 /* Grade+CoreDataClass.m */,
				5DB7EFA120DCD3DA0030A648 /* Grade+CoreDataProperties.h */,
				5DB7EFA220DCD3DA0030A648 /* Grade+CoreDataProperties.m */,
				5D9393B820DBB13000A61440 /* StudentDataManager.h */,
				5D9393B920DBB13000A61440 /* StudentDataManager.m */,
				5DB7EF8220DCCEA00030A648 /* OCDeepLearning.xcdatamodeld */,
				5D035D2220E489EB004C77E4 /* OCSaveManager.h */,
				5D035D2320E489EB004C77E4 /* OCSaveManager.m */,
			);
			name = DB;
			sourceTree = "<group>";
		};
		5D9393BB20DC9F1A00A61440 /* UIView&CALayer */ = {
			isa = PBXGroup;
			children = (
				5DC2A34F20B3EEF300565281 /* OCDLView.h */,
				5DC2A35020B3EEF300565281 /* OCDLView.m */,
				5DC2A35220B3EF1500565281 /* OCDLLayer.h */,
				5DC2A35320B3EF1500565281 /* OCDLLayer.m */,
			);
			name = "UIView&CALayer";
			sourceTree = "<group>";
		};
		5D9393BC20DC9F4700A61440 /* VC */ = {
			isa = PBXGroup;
			children = (
				5D374E3220E39AE4002C89AE /* OCSaveDataTableViewController.h */,
				5D374E3320E39AE4002C89AE /* OCSaveDataTableViewController.m */,
				5DB7EFAD20E23C7C0030A648 /* BaseViewController.h */,
				5DB7EFAE20E23C7C0030A648 /* BaseViewController.m */,
				5D5F4E841F0F6786000DE712 /* ViewController.h */,
				5D5F4E851F0F6786000DE712 /* ViewController.m */,
				5D71C43720C66BDD00EDD506 /* TestViewController.h */,
				5D71C43820C66BDD00EDD506 /* TestViewController.m */,
				5DB7EFB320E240F40030A648 /* SecondTestViewController.h */,
				5DB7EFB420E240F40030A648 /* SecondTestViewController.m */,
				5D374E3520E39D4F002C89AE /* OCFuntionStyleViewController.h */,
				5D374E3620E39D4F002C89AE /* OCFuntionStyleViewController.m */,
				5D035D2520E4BE0A004C77E4 /* OCBaseManager.h */,
				5D035D2620E4BE0A004C77E4 /* OCBaseManager.m */,
				5D899E7C20D3B4D300552152 /* FIrstPage */,
				5D899E6F20D3AE9400552152 /* SecondPage */,
				5DB7EFAC20E23C400030A648 /* ThirdPage */,
			);
			name = VC;
			sourceTree = "<group>";
		};
		5DAABFA21F136B210089460B /* TestLoad&Initialize */ = {
			isa = PBXGroup;
			children = (
				5D5F4EB41F0F7215000DE712 /* NSObject+Runtime.h */,
				5D5F4EB51F0F7215000DE712 /* NSObject+Runtime.m */,
				5DAABF9C1F135DEF0089460B /* AClass.h */,
				5DAABF9D1F135DEF0089460B /* AClass.m */,
				5D45A2501F1769FD00D60780 /* BClass.h */,
				5D45A2511F1769FD00D60780 /* BClass.m */,
				5DEA105B2125763C003869F1 /* LearnInitializeBaseClass.h */,
				5DEA105C2125763C003869F1 /* LearnInitializeBaseClass.m */,
				5DEA106421257DA0003869F1 /* LearnInitializeFatherClass.h */,
				5DEA106521257DA0003869F1 /* LearnInitializeFatherClass.m */,
				5DEA105E21257663003869F1 /* LearnInitializeChildClass.h */,
				5DEA105F21257664003869F1 /* LearnInitializeChildClass.m */,
			);
			name = "TestLoad&Initialize";
			sourceTree = "<group>";
		};
		5DB7EFAC20E23C400030A648 /* ThirdPage */ = {
			isa = PBXGroup;
			children = (
				5DB7EFB020E23C940030A648 /* ThirdViewController.h */,
				5DB7EFB120E23C940030A648 /* ThirdViewController.m */,
			);
			name = ThirdPage;
			sourceTree = "<group>";
		};
		5DB7EFBA20E2443A0030A648 /* CTMediator */ = {
			isa = PBXGroup;
			children = (
				5DB7EFBC20E244900030A648 /* CTMediator.h */,
				5DB7EFBB20E244900030A648 /* CTMediator.m */,
			);
			name = CTMediator;
			path = "New Group";
			sourceTree = "<group>";
		};
		5DB8C1E31F94AC57008D7FB3 /* Monitor */ = {
			isa = PBXGroup;
			children = (
				5DB8C1E51F94AC6B008D7FB3 /* appletrace.h */,
				5DB8C1E41F94AC6B008D7FB3 /* appletrace.mm */,
			);
			name = Monitor;
			sourceTree = "<group>";
		};
		5DE398E021368E44003F50FF /* Manager */ = {
			isa = PBXGroup;
			children = (
				5DE398E121368E64003F50FF /* OCDataSourceManager.h */,
				5DE398E221368E64003F50FF /* OCDataSourceManager.m */,
			);
			name = Manager;
			sourceTree = "<group>";
		};
		5DE5C9671F1C6C05004B2A81 /* @synthesize */ = {
			isa = PBXGroup;
			children = (
				5DF90FE51F1C5AF100B809C5 /* OC_AClass.h */,
				5DF90FE61F1C5AF100B809C5 /* OC_AClass.m */,
			);
			name = "@synthesize";
			sourceTree = "<group>";
		};
		5DEA105121229FB2003869F1 /* Block */ = {
			isa = PBXGroup;
			children = (
				5DEA105221229FE3003869F1 /* BlockLearning.h */,
				5DEA105321229FE3003869F1 /* BlockLearning.m */,
			);
			name = Block;
			sourceTree = "<group>";
		};
		5DEA106B2126A124003869F1 /* DataSource */ = {
			isa = PBXGroup;
			children = (
				5DEA10682126A11C003869F1 /* LearnDatasourceClass.h */,
				5DEA10692126A11C003869F1 /* LearnDatasourceClass.m */,
			);
			name = DataSource;
			sourceTree = "<group>";
		};
		5DF622D11F1620DD00D74036 /* GBRuntimeLog */ = {
			isa = PBXGroup;
			children = (
				5DF622D21F1620DD00D74036 /* NSObject+GBRuntimeLog.h */,
				5DF622D31F1620DD00D74036 /* NSObject+GBRuntimeLog.m */,
			);
			path = GBRuntimeLog;
			sourceTree = "<group>";
		};
		5DF691F61F289D1F00487691 /* Category */ = {
			isa = PBXGroup;
			children = (
				5D4B92081F28A487004A242C /* LearnCategory.h */,
				5D4B92091F28A487004A242C /* LearnCategory.m */,
				5D4B920B1F28A4AB004A242C /* LearnCategory+Addtion1.h */,
				5D4B920C1F28A4AB004A242C /* LearnCategory+Addtion1.m */,
				5D4B920E1F28A4B6004A242C /* LearnCategory+Addtion2.h */,
				5D4B920F1F28A4B6004A242C /* LearnCategory+Addtion2.m */,
				5D149334210DAE2F0070B1B8 /* NSObject+Additions.h */,
				5D149335210DAE2F0070B1B8 /* NSObject+Additions.m */,
			);
			path = Category;
			sourceTree = "<group>";
		};
/* End PBXGroup section */

/* Begin PBXNativeTarget section */
		5D5F4E7A1F0F6786000DE712 /* OCDeepLearning */ = {
			isa = PBXNativeTarget;
			buildConfigurationList = 5D5F4EA81F0F6786000DE712 /* Build configuration list for PBXNativeTarget "OCDeepLearning" */;
			buildPhases = (
				5D5F4E771F0F6786000DE712 /* Sources */,
				5D5F4E781F0F6786000DE712 /* Frameworks */,
				5D5F4E791F0F6786000DE712 /* Resources */,
				5D56F8351F94696200250279 /* CopyFiles */,
			);
			buildRules = (
			);
			dependencies = (
			);
			name = OCDeepLearning;
			productName = OCDeepLearning;
			productReference = 5D5F4E7B1F0F6786000DE712 /* OCDeepLearning.app */;
			productType = "com.apple.product-type.application";
		};
		5D5F4E931F0F6786000DE712 /* OCDeepLearningTests */ = {
			isa = PBXNativeTarget;
			buildConfigurationList = 5D5F4EAB1F0F6786000DE712 /* Build configuration list for PBXNativeTarget "OCDeepLearningTests" */;
			buildPhases = (
				5D5F4E901F0F6786000DE712 /* Sources */,
				5D5F4E911F0F6786000DE712 /* Frameworks */,
				5D5F4E921F0F6786000DE712 /* Resources */,
			);
			buildRules = (
			);
			dependencies = (
				5D5F4E961F0F6786000DE712 /* PBXTargetDependency */,
			);
			name = OCDeepLearningTests;
			productName = OCDeepLearningTests;
			productReference = 5D5F4E941F0F6786000DE712 /* OCDeepLearningTests.xctest */;
			productType = "com.apple.product-type.bundle.unit-test";
		};
		5D5F4E9E1F0F6786000DE712 /* OCDeepLearningUITests */ = {
			isa = PBXNativeTarget;
			buildConfigurationList = 5D5F4EAE1F0F6786000DE712 /* Build configuration list for PBXNativeTarget "OCDeepLearningUITests" */;
			buildPhases = (
				5D5F4E9B1F0F6786000DE712 /* Sources */,
				5D5F4E9C1F0F6786000DE712 /* Frameworks */,
				5D5F4E9D1F0F6786000DE712 /* Resources */,
			);
			buildRules = (
			);
			dependencies = (
				5D5F4EA11F0F6786000DE712 /* PBXTargetDependency */,
			);
			name = OCDeepLearningUITests;
			productName = OCDeepLearningUITests;
			productReference = 5D5F4E9F1F0F6786000DE712 /* OCDeepLearningUITests.xctest */;
			productType = "com.apple.product-type.bundle.ui-testing";
		};
/* End PBXNativeTarget section */

/* Begin PBXProject section */
		5D5F4E731F0F6786000DE712 /* Project object */ = {
			isa = PBXProject;
			attributes = {
				LastUpgradeCheck = 0900;
				ORGANIZATIONNAME = "walker彬";
				TargetAttributes = {
					5D5F4E7A1F0F6786000DE712 = {
						CreatedOnToolsVersion = 8.3.3;
						DevelopmentTeam = A9DWS95K67;
						LastSwiftMigration = 0920;
						ProvisioningStyle = Automatic;
					};
					5D5F4E931F0F6786000DE712 = {
						CreatedOnToolsVersion = 8.3.3;
						DevelopmentTeam = A9DWS95K67;
						ProvisioningStyle = Automatic;
						TestTargetID = 5D5F4E7A1F0F6786000DE712;
					};
					5D5F4E9E1F0F6786000DE712 = {
						CreatedOnToolsVersion = 8.3.3;
						DevelopmentTeam = A9DWS95K67;
						ProvisioningStyle = Automatic;
						TestTargetID = 5D5F4E7A1F0F6786000DE712;
					};
				};
			};
			buildConfigurationList = 5D5F4E761F0F6786000DE712 /* Build configuration list for PBXProject "OCDeepLearning" */;
			compatibilityVersion = "Xcode 3.2";
			developmentRegion = English;
			hasScannedForEncodings = 0;
			knownRegions = (
				en,
				Base,
			);
			mainGroup = 5D5F4E721F0F6786000DE712;
			productRefGroup = 5D5F4E7C1F0F6786000DE712 /* Products */;
			projectDirPath = "";
			projectRoot = "";
			targets = (
				5D5F4E7A1F0F6786000DE712 /* OCDeepLearning */,
				5D5F4E931F0F6786000DE712 /* OCDeepLearningTests */,
				5D5F4E9E1F0F6786000DE712 /* OCDeepLearningUITests */,
			);
		};
/* End PBXProject section */

/* Begin PBXResourcesBuildPhase section */
		5D5F4E791F0F6786000DE712 /* Resources */ = {
			isa = PBXResourcesBuildPhase;
			buildActionMask = 2147483647;
			files = (
				5D5F4E8E1F0F6786000DE712 /* LaunchScreen.storyboard in Resources */,
				5D45A24F1F1769D500D60780 /* Assets.xcassets in Resources */,
				5D5F4E891F0F6786000DE712 /* Main.storyboard in Resources */,
			);
			runOnlyForDeploymentPostprocessing = 0;
		};
		5D5F4E921F0F6786000DE712 /* Resources */ = {
			isa = PBXResourcesBuildPhase;
			buildActionMask = 2147483647;
			files = (
			);
			runOnlyForDeploymentPostprocessing = 0;
		};
		5D5F4E9D1F0F6786000DE712 /* Resources */ = {
			isa = PBXResourcesBuildPhase;
			buildActionMask = 2147483647;
			files = (
			);
			runOnlyForDeploymentPostprocessing = 0;
		};
/* End PBXResourcesBuildPhase section */

/* Begin PBXSourcesBuildPhase section */
		5D5F4E771F0F6786000DE712 /* Sources */ = {
			isa = PBXSourcesBuildPhase;
			buildActionMask = 2147483647;
			files = (
				5D45A25D1F1776F600D60780 /* Bird.m in Sources */,
				5DB7EFAF20E23C7C0030A648 /* BaseViewController.m in Sources */,
				5D45A2681F1782D200D60780 /* NSObject+MakeModel.m in Sources */,
				5D899E7B20D3B1B900552152 /* OCBaseCellModel.m in Sources */,
				5D899E7220D3AEB100552152 /* OCBaseTableViewController.m in Sources */,
				5D24F208215DD0440015A6BC /* NSObject+PrivateMethod.m in Sources */,
				5DC2A35120B3EEF300565281 /* OCDLView.m in Sources */,
				5DF90FE71F1C5AF100B809C5 /* OC_AClass.m in Sources */,
				5DB7EFBD20E244910030A648 /* CTMediator.m in Sources */,
				5D45A2571F176C4000D60780 /* AClass.m in Sources */,
				5DB7EFB220E23C940030A648 /* ThirdViewController.m in Sources */,
				5D899E7F20D3B4F600552152 /* MainViewController.m in Sources */,
				5D5F4EB31F0F67BF000DE712 /* OCAutoReleasePool.m in Sources */,
				5D5F4E861F0F6786000DE712 /* ViewController.m in Sources */,
				5D45A2551F176A6400D60780 /* Person.m in Sources */,
				5DBC6E0D1F26EB2F00E35AB3 /* NSObject+Extension.m in Sources */,
				5D899E7520D3AEC000552152 /* OCBaseTableViewCell.m in Sources */,
				5DD027891F25AA19005438B9 /* OCAutorelease.m in Sources */,
				5D5F4EB61F0F7215000DE712 /* NSObject+Runtime.m in Sources */,
				5DB7EFB520E240F40030A648 /* SecondTestViewController.m in Sources */,
				5D374E3720E39D4F002C89AE /* OCFuntionStyleViewController.m in Sources */,
				5DE398E321368E64003F50FF /* OCDataSourceManager.m in Sources */,
				5DB7EF8420DCCEA00030A648 /* OCDeepLearning.xcdatamodeld in Sources */,
				5D035D2720E4BE0A004C77E4 /* OCBaseManager.m in Sources */,
				5D6588D5212ADD160092BD78 /* LearnUIWebView.m in Sources */,
				5DF622D01F161E5200D74036 /* ViewController+SwizzlingMethod.m in Sources */,
				5D24F204215DD0380015A6BC /* OCLearningOOP.m in Sources */,
				5D60C5B7212B023100AB9BFD /* LearnSelfAndSuper.m in Sources */,
				5D6588CF212ADCBB0092BD78 /* LearnWebViewController.m in Sources */,
				5D14933A210DB43E0070B1B8 /* ReadMeNSObjcet.m in Sources */,
				5D4B92101F28A4B6004A242C /* LearnCategory+Addtion2.m in Sources */,
				5D86904B1F18D6BB00C269C8 /* OC_IMP.m in Sources */,
				5D035D2420E489EB004C77E4 /* OCSaveManager.m in Sources */,
				5D4B920D1F28A4AB004A242C /* LearnCategory+Addtion1.m in Sources */,
				5DF622D41F1620DD00D74036 /* NSObject+GBRuntimeLog.m in Sources */,
				5D6588D2212ADCF70092BD78 /* LearnWKWebView.m in Sources */,
				5DEA105D2125763C003869F1 /* LearnInitializeBaseClass.m in Sources */,
				5D5F4E831F0F6786000DE712 /* AppDelegate.m in Sources */,
				5D77E5741F14D9EE005A8459 /* GCDLearning.m in Sources */,
				5DEA105421229FE3003869F1 /* BlockLearning.m in Sources */,
				5D71C43620C6689800EDD506 /* AppDelegate+Addtions.m in Sources */,
				5D149336210DAE2F0070B1B8 /* NSObject+Additions.m in Sources */,
				5DEA106621257DA0003869F1 /* LearnInitializeFatherClass.m in Sources */,
				5D5F4E801F0F6786000DE712 /* main.m in Sources */,
				5D9393BA20DBB13000A61440 /* StudentDataManager.m in Sources */,
				5DEA106A2126A11C003869F1 /* LearnDatasourceClass.m in Sources */,
				5D45A2651F17828A00D60780 /* UserModel.m in Sources */,
				5D4B920A1F28A487004A242C /* LearnCategory.m in Sources */,
				5D71C43920C66BDD00EDD506 /* TestViewController.m in Sources */,
				5D45A2611F177CF600D60780 /* Animal.m in Sources */,
				5D24F205215DD0380015A6BC /* OCLearningOOP+GetPrivate.m in Sources */,
				5D899E7820D3B12300552152 /* OCBaseTableViewCell+ConfigModel.m in Sources */,
				5D86904E1F18D6C600C269C8 /* OC_Method.m in Sources */,
				5D45A25A1F17724600D60780 /* Person+ForwardMessage.m in Sources */,
				5D374E3420E39AE4002C89AE /* OCSaveDataTableViewController.m in Sources */,
				5DEA106021257664003869F1 /* LearnInitializeChildClass.m in Sources */,
				5DC2A35420B3EF1500565281 /* OCDLLayer.m in Sources */,
				5D8690471F18C3D800C269C8 /* OC_SEL.m in Sources */,
				5D45A2521F1769FD00D60780 /* BClass.m in Sources */,
			);
			runOnlyForDeploymentPostprocessing = 0;
		};
		5D5F4E901F0F6786000DE712 /* Sources */ = {
			isa = PBXSourcesBuildPhase;
			buildActionMask = 2147483647;
			files = (
				5D5F4E991F0F6786000DE712 /* OCDeepLearningTests.m in Sources */,
			);
			runOnlyForDeploymentPostprocessing = 0;
		};
		5D5F4E9B1F0F6786000DE712 /* Sources */ = {
			isa = PBXSourcesBuildPhase;
			buildActionMask = 2147483647;
			files = (
				5D5F4EA41F0F6786000DE712 /* OCDeepLearningUITests.m in Sources */,
			);
			runOnlyForDeploymentPostprocessing = 0;
		};
/* End PBXSourcesBuildPhase section */

/* Begin PBXTargetDependency section */
		5D5F4E961F0F6786000DE712 /* PBXTargetDependency */ = {
			isa = PBXTargetDependency;
			target = 5D5F4E7A1F0F6786000DE712 /* OCDeepLearning */;
			targetProxy = 5D5F4E951F0F6786000DE712 /* PBXContainerItemProxy */;
		};
		5D5F4EA11F0F6786000DE712 /* PBXTargetDependency */ = {
			isa = PBXTargetDependency;
			target = 5D5F4E7A1F0F6786000DE712 /* OCDeepLearning */;
			targetProxy = 5D5F4EA01F0F6786000DE712 /* PBXContainerItemProxy */;
		};
/* End PBXTargetDependency section */

/* Begin PBXVariantGroup section */
		5D5F4E871F0F6786000DE712 /* Main.storyboard */ = {
			isa = PBXVariantGroup;
			children = (
				5D5F4E881F0F6786000DE712 /* Base */,
			);
			name = Main.storyboard;
			sourceTree = "<group>";
		};
		5D5F4E8C1F0F6786000DE712 /* LaunchScreen.storyboard */ = {
			isa = PBXVariantGroup;
			children = (
				5D5F4E8D1F0F6786000DE712 /* Base */,
			);
			name = LaunchScreen.storyboard;
			sourceTree = "<group>";
		};
/* End PBXVariantGroup section */

/* Begin XCBuildConfiguration section */
		5D5F4EA61F0F6786000DE712 /* Debug */ = {
			isa = XCBuildConfiguration;
			buildSettings = {
				ALWAYS_SEARCH_USER_PATHS = NO;
				CLANG_ANALYZER_NONNULL = YES;
				CLANG_ANALYZER_NUMBER_OBJECT_CONVERSION = YES_AGGRESSIVE;
				CLANG_CXX_LANGUAGE_STANDARD = "gnu++0x";
				CLANG_CXX_LIBRARY = "libc++";
				CLANG_ENABLE_MODULES = YES;
				CLANG_ENABLE_OBJC_ARC = YES;
				CLANG_WARN_BLOCK_CAPTURE_AUTORELEASING = YES;
				CLANG_WARN_BOOL_CONVERSION = YES;
				CLANG_WARN_COMMA = YES;
				CLANG_WARN_CONSTANT_CONVERSION = YES;
				CLANG_WARN_DIRECT_OBJC_ISA_USAGE = YES_ERROR;
				CLANG_WARN_DOCUMENTATION_COMMENTS = YES;
				CLANG_WARN_EMPTY_BODY = YES;
				CLANG_WARN_ENUM_CONVERSION = YES;
				CLANG_WARN_INFINITE_RECURSION = YES;
				CLANG_WARN_INT_CONVERSION = YES;
				CLANG_WARN_NON_LITERAL_NULL_CONVERSION = YES;
				CLANG_WARN_OBJC_LITERAL_CONVERSION = YES;
				CLANG_WARN_OBJC_ROOT_CLASS = YES_ERROR;
				CLANG_WARN_RANGE_LOOP_ANALYSIS = YES;
				CLANG_WARN_STRICT_PROTOTYPES = YES;
				CLANG_WARN_SUSPICIOUS_MOVE = YES;
				CLANG_WARN_UNREACHABLE_CODE = YES;
				CLANG_WARN__DUPLICATE_METHOD_MATCH = YES;
				"CODE_SIGN_IDENTITY[sdk=iphoneos*]" = "iPhone Developer";
				COPY_PHASE_STRIP = NO;
				DEBUG_INFORMATION_FORMAT = dwarf;
				ENABLE_STRICT_OBJC_MSGSEND = YES;
				ENABLE_TESTABILITY = YES;
				GCC_C_LANGUAGE_STANDARD = gnu99;
				GCC_DYNAMIC_NO_PIC = NO;
				GCC_NO_COMMON_BLOCKS = YES;
				GCC_OPTIMIZATION_LEVEL = 0;
				GCC_PREPROCESSOR_DEFINITIONS = (
					"DEBUG=1",
					"$(inherited)",
				);
				GCC_WARN_64_TO_32_BIT_CONVERSION = YES;
				GCC_WARN_ABOUT_RETURN_TYPE = YES_ERROR;
				GCC_WARN_UNDECLARED_SELECTOR = YES;
				GCC_WARN_UNINITIALIZED_AUTOS = YES_AGGRESSIVE;
				GCC_WARN_UNUSED_FUNCTION = YES;
				GCC_WARN_UNUSED_VARIABLE = YES;
				IPHONEOS_DEPLOYMENT_TARGET = 10.3;
				MTL_ENABLE_DEBUG_INFO = YES;
				ONLY_ACTIVE_ARCH = YES;
				SDKROOT = iphoneos;
				TARGETED_DEVICE_FAMILY = "1,2";
			};
			name = Debug;
		};
		5D5F4EA71F0F6786000DE712 /* Release */ = {
			isa = XCBuildConfiguration;
			buildSettings = {
				ALWAYS_SEARCH_USER_PATHS = NO;
				CLANG_ANALYZER_NONNULL = YES;
				CLANG_ANALYZER_NUMBER_OBJECT_CONVERSION = YES_AGGRESSIVE;
				CLANG_CXX_LANGUAGE_STANDARD = "gnu++0x";
				CLANG_CXX_LIBRARY = "libc++";
				CLANG_ENABLE_MODULES = YES;
				CLANG_ENABLE_OBJC_ARC = YES;
				CLANG_WARN_BLOCK_CAPTURE_AUTORELEASING = YES;
				CLANG_WARN_BOOL_CONVERSION = YES;
				CLANG_WARN_COMMA = YES;
				CLANG_WARN_CONSTANT_CONVERSION = YES;
				CLANG_WARN_DIRECT_OBJC_ISA_USAGE = YES_ERROR;
				CLANG_WARN_DOCUMENTATION_COMMENTS = YES;
				CLANG_WARN_EMPTY_BODY = YES;
				CLANG_WARN_ENUM_CONVERSION = YES;
				CLANG_WARN_INFINITE_RECURSION = YES;
				CLANG_WARN_INT_CONVERSION = YES;
				CLANG_WARN_NON_LITERAL_NULL_CONVERSION = YES;
				CLANG_WARN_OBJC_LITERAL_CONVERSION = YES;
				CLANG_WARN_OBJC_ROOT_CLASS = YES_ERROR;
				CLANG_WARN_RANGE_LOOP_ANALYSIS = YES;
				CLANG_WARN_STRICT_PROTOTYPES = YES;
				CLANG_WARN_SUSPICIOUS_MOVE = YES;
				CLANG_WARN_UNREACHABLE_CODE = YES;
				CLANG_WARN__DUPLICATE_METHOD_MATCH = YES;
				"CODE_SIGN_IDENTITY[sdk=iphoneos*]" = "iPhone Developer";
				COPY_PHASE_STRIP = NO;
				DEBUG_INFORMATION_FORMAT = "dwarf-with-dsym";
				ENABLE_NS_ASSERTIONS = NO;
				ENABLE_STRICT_OBJC_MSGSEND = YES;
				GCC_C_LANGUAGE_STANDARD = gnu99;
				GCC_NO_COMMON_BLOCKS = YES;
				GCC_WARN_64_TO_32_BIT_CONVERSION = YES;
				GCC_WARN_ABOUT_RETURN_TYPE = YES_ERROR;
				GCC_WARN_UNDECLARED_SELECTOR = YES;
				GCC_WARN_UNINITIALIZED_AUTOS = YES_AGGRESSIVE;
				GCC_WARN_UNUSED_FUNCTION = YES;
				GCC_WARN_UNUSED_VARIABLE = YES;
				IPHONEOS_DEPLOYMENT_TARGET = 10.3;
				MTL_ENABLE_DEBUG_INFO = NO;
				SDKROOT = iphoneos;
				TARGETED_DEVICE_FAMILY = "1,2";
				VALIDATE_PRODUCT = YES;
			};
			name = Release;
		};
		5D5F4EA91F0F6786000DE712 /* Debug */ = {
			isa = XCBuildConfiguration;
			buildSettings = {
				ASSETCATALOG_COMPILER_APPICON_NAME = AppIcon;
				CLANG_ENABLE_MODULES = YES;
				DEVELOPMENT_TEAM = A9DWS95K67;
				ENABLE_BITCODE = NO;
				GCC_PRECOMPILE_PREFIX_HEADER = YES;
				GCC_PREFIX_HEADER = "$(SRCROOT)/PrefixHeader.pch";
				INFOPLIST_FILE = OCDeepLearning/Info.plist;
				LD_RUNPATH_SEARCH_PATHS = "$(inherited) @executable_path/Frameworks";
				PRODUCT_BUNDLE_IDENTIFIER = "com.sohu-inc.guobin.OCDeepLearning";
				PRODUCT_NAME = "$(TARGET_NAME)";
				SWIFT_OBJC_BRIDGING_HEADER = "OCDeepLearning/OCDeepLearning-Bridging-Header.h";
				SWIFT_OPTIMIZATION_LEVEL = "-Onone";
				SWIFT_VERSION = 3.0;
			};
			name = Debug;
		};
		5D5F4EAA1F0F6786000DE712 /* Release */ = {
			isa = XCBuildConfiguration;
			buildSettings = {
				ASSETCATALOG_COMPILER_APPICON_NAME = AppIcon;
				CLANG_ENABLE_MODULES = YES;
				DEVELOPMENT_TEAM = A9DWS95K67;
				ENABLE_BITCODE = NO;
				GCC_PRECOMPILE_PREFIX_HEADER = YES;
				GCC_PREFIX_HEADER = "$(SRCROOT)/PrefixHeader.pch";
				INFOPLIST_FILE = OCDeepLearning/Info.plist;
				LD_RUNPATH_SEARCH_PATHS = "$(inherited) @executable_path/Frameworks";
				PRODUCT_BUNDLE_IDENTIFIER = "com.sohu-inc.guobin.OCDeepLearning";
				PRODUCT_NAME = "$(TARGET_NAME)";
				SWIFT_OBJC_BRIDGING_HEADER = "OCDeepLearning/OCDeepLearning-Bridging-Header.h";
				SWIFT_VERSION = 3.0;
			};
			name = Release;
		};
		5D5F4EAC1F0F6786000DE712 /* Debug */ = {
			isa = XCBuildConfiguration;
			buildSettings = {
				BUNDLE_LOADER = "$(TEST_HOST)";
				DEVELOPMENT_TEAM = A9DWS95K67;
				INFOPLIST_FILE = OCDeepLearningTests/Info.plist;
				LD_RUNPATH_SEARCH_PATHS = "$(inherited) @executable_path/Frameworks @loader_path/Frameworks";
				PRODUCT_BUNDLE_IDENTIFIER = "com.sohu-inc.guobin.OCDeepLearningTests";
				PRODUCT_NAME = "$(TARGET_NAME)";
				TEST_HOST = "$(BUILT_PRODUCTS_DIR)/OCDeepLearning.app/OCDeepLearning";
			};
			name = Debug;
		};
		5D5F4EAD1F0F6786000DE712 /* Release */ = {
			isa = XCBuildConfiguration;
			buildSettings = {
				BUNDLE_LOADER = "$(TEST_HOST)";
				DEVELOPMENT_TEAM = A9DWS95K67;
				INFOPLIST_FILE = OCDeepLearningTests/Info.plist;
				LD_RUNPATH_SEARCH_PATHS = "$(inherited) @executable_path/Frameworks @loader_path/Frameworks";
				PRODUCT_BUNDLE_IDENTIFIER = "com.sohu-inc.guobin.OCDeepLearningTests";
				PRODUCT_NAME = "$(TARGET_NAME)";
				TEST_HOST = "$(BUILT_PRODUCTS_DIR)/OCDeepLearning.app/OCDeepLearning";
			};
			name = Release;
		};
		5D5F4EAF1F0F6786000DE712 /* Debug */ = {
			isa = XCBuildConfiguration;
			buildSettings = {
				DEVELOPMENT_TEAM = A9DWS95K67;
				INFOPLIST_FILE = OCDeepLearningUITests/Info.plist;
				LD_RUNPATH_SEARCH_PATHS = "$(inherited) @executable_path/Frameworks @loader_path/Frameworks";
				PRODUCT_BUNDLE_IDENTIFIER = "com.sohu-inc.guobin.OCDeepLearningUITests";
				PRODUCT_NAME = "$(TARGET_NAME)";
				TEST_TARGET_NAME = OCDeepLearning;
			};
			name = Debug;
		};
		5D5F4EB01F0F6786000DE712 /* Release */ = {
			isa = XCBuildConfiguration;
			buildSettings = {
				DEVELOPMENT_TEAM = A9DWS95K67;
				INFOPLIST_FILE = OCDeepLearningUITests/Info.plist;
				LD_RUNPATH_SEARCH_PATHS = "$(inherited) @executable_path/Frameworks @loader_path/Frameworks";
				PRODUCT_BUNDLE_IDENTIFIER = "com.sohu-inc.guobin.OCDeepLearningUITests";
				PRODUCT_NAME = "$(TARGET_NAME)";
				TEST_TARGET_NAME = OCDeepLearning;
			};
			name = Release;
		};
/* End XCBuildConfiguration section */

/* Begin XCConfigurationList section */
		5D5F4E761F0F6786000DE712 /* Build configuration list for PBXProject "OCDeepLearning" */ = {
			isa = XCConfigurationList;
			buildConfigurations = (
				5D5F4EA61F0F6786000DE712 /* Debug */,
				5D5F4EA71F0F6786000DE712 /* Release */,
			);
			defaultConfigurationIsVisible = 0;
			defaultConfigurationName = Release;
		};
		5D5F4EA81F0F6786000DE712 /* Build configuration list for PBXNativeTarget "OCDeepLearning" */ = {
			isa = XCConfigurationList;
			buildConfigurations = (
				5D5F4EA91F0F6786000DE712 /* Debug */,
				5D5F4EAA1F0F6786000DE712 /* Release */,
			);
			defaultConfigurationIsVisible = 0;
			defaultConfigurationName = Release;
		};
		5D5F4EAB1F0F6786000DE712 /* Build configuration list for PBXNativeTarget "OCDeepLearningTests" */ = {
			isa = XCConfigurationList;
			buildConfigurations = (
				5D5F4EAC1F0F6786000DE712 /* Debug */,
				5D5F4EAD1F0F6786000DE712 /* Release */,
			);
			defaultConfigurationIsVisible = 0;
			defaultConfigurationName = Release;
		};
		5D5F4EAE1F0F6786000DE712 /* Build configuration list for PBXNativeTarget "OCDeepLearningUITests" */ = {
			isa = XCConfigurationList;
			buildConfigurations = (
				5D5F4EAF1F0F6786000DE712 /* Debug */,
				5D5F4EB01F0F6786000DE712 /* Release */,
			);
			defaultConfigurationIsVisible = 0;
			defaultConfigurationName = Release;
		};
/* End XCConfigurationList section */

/* Begin XCVersionGroup section */
		5DB7EF8220DCCEA00030A648 /* OCDeepLearning.xcdatamodeld */ = {
			isa = XCVersionGroup;
			children = (
				5DB7EF8320DCCEA00030A648 /* OCDeepLearning.xcdatamodel */,
			);
			currentVersion = 5DB7EF8320DCCEA00030A648 /* OCDeepLearning.xcdatamodel */;
			path = OCDeepLearning.xcdatamodeld;
			sourceTree = "<group>";
			versionGroupType = wrapper.xcdatamodel;
		};
/* End XCVersionGroup section */
	};
	rootObject = 5D5F4E731F0F6786000DE712 /* Project object */;
}
